
Microsoft Visual Studio Solution File, Format Version 12.00
# Visual Studio Version 16
VisualStudioVersion = 16.0.31205.134
MinimumVisualStudioVersion = 10.0.40219.1
Project("{FAE04EC0-301F-11D3-BF4B-00C04F79EFBC}") = "DigitalSignatureService.Server", "Server\DigitalSignatureService.Server.csproj", "{30A9CAE9-3E9A-4C29-AACD-7C69C454ADDD}"
EndProject
Project("{FAE04EC0-301F-11D3-BF4B-00C04F79EFBC}") = "DigitalSignatureService.Client", "Client\DigitalSignatureService.Client.csproj", "{4F6C0A2A-E06C-4E07-A4E5-1F871D5E32E3}"
EndProject
Project("{FAE04EC0-301F-11D3-BF4B-00C04F79EFBC}") = "DigitalSignatureService.Shared", "Shared\DigitalSignatureService.Shared.csproj", "{D4608DAE-0275-4E2D-BBD9-449881BA7A4A}"
EndProject
Global
	GlobalSection(SolutionConfigurationPlatforms) = preSolution
		Debug|Any CPU = Debug|Any CPU
		Release|Any CPU = Release|Any CPU
	EndGlobalSection
	GlobalSection(ProjectConfigurationPlatforms) = postSolution
		{30A9CAE9-3E9A-4C29-AACD-7C69C454ADDD}.Debug|Any CPU.ActiveCfg = Debug|Any CPU
		{30A9CAE9-3E9A-4C29-AACD-7C69C454ADDD}.Debug|Any CPU.Build.0 = Debug|Any CPU
		{30A9CAE9-3E9A-4C29-AACD-7C69C454ADDD}.Release|Any CPU.ActiveCfg = Release|Any CPU
		{30A9CAE9-3E9A-4C29-AACD-7C69C454ADDD}.Release|Any CPU.Build.0 = Release|Any CPU
		{4F6C0A2A-E06C-4E07-A4E5-1F871D5E32E3}.Debug|Any CPU.ActiveCfg = Debug|Any CPU
		{4F6C0A2A-E06C-4E07-A4E5-1F871D5E32E3}.Debug|Any CPU.Build.0 = Debug|Any CPU
		{4F6C0A2A-E06C-4E07-A4E5-1F871D5E32E3}.Release|Any CPU.ActiveCfg = Release|Any CPU
		{4F6C0A2A-E06C-4E07-A4E5-1F871D5E32E3}.Release|Any CPU.Build.0 = Release|Any CPU
		{D4608DAE-0275-4E2D-BBD9-449881BA7A4A}.Debug|Any CPU.ActiveCfg = Debug|Any CPU
		{D4608DAE-0275-4E2D-BBD9-449881BA7A4A}.Debug|Any CPU.Build.0 = Debug|Any CPU
		{D4608DAE-0275-4E2D-BBD9-449881BA7A4A}.Release|Any CPU.ActiveCfg = Release|Any CPU
		{D4608DAE-0275-4E2D-BBD9-449881BA7A4A}.Release|Any CPU.Build.0 = Release|Any CPU
	EndGlobalSection
	GlobalSection(SolutionProperties) = preSolution
		HideSolutionNode = FALSE
	EndGlobalSection
	GlobalSection(ExtensibilityGlobals) = postSolution
		SolutionGuid = {B1C27937-E05C-4E3A-8E8D-881576B2DE66}
	EndGlobalSection
EndGlobal
