
Microsoft Visual Studio Solution File, Format Version 12.00
# Visual Studio Version 16
VisualStudioVersion = 16.0.31205.134
MinimumVisualStudioVersion = 10.0.40219.1
Project("{FAE04EC0-301F-11D3-BF4B-00C04F79EFBC}") = "DigitalSignatureService.Server", "Server\DigitalSignatureService.Server.csproj", "{B772DA21-9B28-4909-A710-3F1778232AE8}"
EndProject
Project("{FAE04EC0-301F-11D3-BF4B-00C04F79EFBC}") = "DigitalSignatureService.Client", "Client\DigitalSignatureService.Client.csproj", "{CA595C15-67E6-4238-9044-14EF68CDE73A}"
EndProject
Project("{FAE04EC0-301F-11D3-BF4B-00C04F79EFBC}") = "DigitalSignatureService.Shared", "Shared\DigitalSignatureService.Shared.csproj", "{2023FBF0-C27A-430C-BD43-0C1AADDCF3B2}"
EndProject
Global
	GlobalSection(SolutionConfigurationPlatforms) = preSolution
		Debug|Any CPU = Debug|Any CPU
		Release|Any CPU = Release|Any CPU
	EndGlobalSection
	GlobalSection(ProjectConfigurationPlatforms) = postSolution
		{B772DA21-9B28-4909-A710-3F1778232AE8}.Debug|Any CPU.ActiveCfg = Debug|Any CPU
		{B772DA21-9B28-4909-A710-3F1778232AE8}.Debug|Any CPU.Build.0 = Debug|Any CPU
		{B772DA21-9B28-4909-A710-3F1778232AE8}.Release|Any CPU.ActiveCfg = Release|Any CPU
		{B772DA21-9B28-4909-A710-3F1778232AE8}.Release|Any CPU.Build.0 = Release|Any CPU
		{CA595C15-67E6-4238-9044-14EF68CDE73A}.Debug|Any CPU.ActiveCfg = Debug|Any CPU
		{CA595C15-67E6-4238-9044-14EF68CDE73A}.Debug|Any CPU.Build.0 = Debug|Any CPU
		{CA595C15-67E6-4238-9044-14EF68CDE73A}.Release|Any CPU.ActiveCfg = Release|Any CPU
		{CA595C15-67E6-4238-9044-14EF68CDE73A}.Release|Any CPU.Build.0 = Release|Any CPU
		{2023FBF0-C27A-430C-BD43-0C1AADDCF3B2}.Debug|Any CPU.ActiveCfg = Debug|Any CPU
		{2023FBF0-C27A-430C-BD43-0C1AADDCF3B2}.Debug|Any CPU.Build.0 = Debug|Any CPU
		{2023FBF0-C27A-430C-BD43-0C1AADDCF3B2}.Release|Any CPU.ActiveCfg = Release|Any CPU
		{2023FBF0-C27A-430C-BD43-0C1AADDCF3B2}.Release|Any CPU.Build.0 = Release|Any CPU
	EndGlobalSection
	GlobalSection(SolutionProperties) = preSolution
		HideSolutionNode = FALSE
	EndGlobalSection
	GlobalSection(ExtensibilityGlobals) = postSolution
		SolutionGuid = {29C04AEB-C950-4953-A44C-0E64B5B5A68E}
	EndGlobalSection
EndGlobal
